
Microsoft Visual Studio Solution File, Format Version 12.00
# Visual Studio Version 16
VisualStudioVersion = 16.0.30907.101
MinimumVisualStudioVersion = 10.0.40219.1
Project("{888888A0-9F3D-457C-B088-3A5042F75D52}") = "Palgad", "Palgad.pyproj", "{A935C5D0-DA77-40C0-BE10-E0B95F9C8DB8}"
EndProject
Global
	GlobalSection(SolutionConfigurationPlatforms) = preSolution
		Debug|Any CPU = Debug|Any CPU
		Release|Any CPU = Release|Any CPU
	EndGlobalSection
	GlobalSection(ProjectConfigurationPlatforms) = postSolution
		{A935C5D0-DA77-40C0-BE10-E0B95F9C8DB8}.Debug|Any CPU.ActiveCfg = Debug|Any CPU
		{A935C5D0-DA77-40C0-BE10-E0B95F9C8DB8}.Release|Any CPU.ActiveCfg = Release|Any CPU
	EndGlobalSection
	GlobalSection(SolutionProperties) = preSolution
		HideSolutionNode = FALSE
	EndGlobalSection
	GlobalSection(ExtensibilityGlobals) = postSolution
		SolutionGuid = {231E1DCC-C540-4E2D-9945-6436745F2619}
	EndGlobalSection
EndGlobal
